// !$*UTF8*$!
{
	archiveVersion = 1;
	classes = {
	};
	objectVersion = 56;
	objects = {

/* Begin PBXBuildFile section */
		AE2B2A3D2BAC5107004669B6 /* AuthorizationService.swift in Sources */ = {isa = PBXBuildFile; fileRef = AE2B2A3C2BAC5107004669B6 /* AuthorizationService.swift */; };
		AE2B2A482BB0712A004669B6 /* BackgroundTaskService.swift in Sources */ = {isa = PBXBuildFile; fileRef = AE2B2A472BB0712A004669B6 /* BackgroundTaskService.swift */; };
		AE2B2A4A2BB07223004669B6 /* NotificationService.swift in Sources */ = {isa = PBXBuildFile; fileRef = AE2B2A492BB07223004669B6 /* NotificationService.swift */; };
		AE302EA32BC2F646002C8DC1 /* ViewType.swift in Sources */ = {isa = PBXBuildFile; fileRef = AE302EA22BC2F646002C8DC1 /* ViewType.swift */; };
		AE30E1582B9F7428009E10CD /* CalendarService.swift in Sources */ = {isa = PBXBuildFile; fileRef = AE30E1572B9F7428009E10CD /* CalendarService.swift */; };
		AE30E1602BA4C182009E10CD /* Ocurrence.swift in Sources */ = {isa = PBXBuildFile; fileRef = AE30E15F2BA4C182009E10CD /* Ocurrence.swift */; };
		AE30E1622BA88B5B009E10CD /* WeekDay.swift in Sources */ = {isa = PBXBuildFile; fileRef = AE30E1612BA88B5B009E10CD /* WeekDay.swift */; };
		AE32F8102BED08BD0095DD1A /* ViewModifiers.swift in Sources */ = {isa = PBXBuildFile; fileRef = AE32F80F2BED08BD0095DD1A /* ViewModifiers.swift */; };
		AE448A812B84E99F0034898F /* HabitDetailView.swift in Sources */ = {isa = PBXBuildFile; fileRef = AE448A802B84E99F0034898F /* HabitDetailView.swift */; };
		AE448A842B85238E0034898F /* NewHabitContentView.swift in Sources */ = {isa = PBXBuildFile; fileRef = AE448A832B85238E0034898F /* NewHabitContentView.swift */; };
		AE448A872B86632E0034898F /* HabitRouteIdEnvironmentKey.swift in Sources */ = {isa = PBXBuildFile; fileRef = AE448A862B86632E0034898F /* HabitRouteIdEnvironmentKey.swift */; };
		AE448A8A2B8664B40034898F /* HabitsRouter.swift in Sources */ = {isa = PBXBuildFile; fileRef = AE448A892B8664B40034898F /* HabitsRouter.swift */; };
		AE448A8D2B8925D80034898F /* Localizable.xcstrings in Resources */ = {isa = PBXBuildFile; fileRef = AE448A8C2B8925D80034898F /* Localizable.xcstrings */; };
		AE448A902B8CECF60034898F /* DateHelper.swift in Sources */ = {isa = PBXBuildFile; fileRef = AE448A8F2B8CECF60034898F /* DateHelper.swift */; };
		AE448A932B8D20160034898F /* StoreService.swift in Sources */ = {isa = PBXBuildFile; fileRef = AE448A922B8D20160034898F /* StoreService.swift */; };
		AE448A952B8D20700034898F /* DefaultStoreService.swift in Sources */ = {isa = PBXBuildFile; fileRef = AE448A942B8D20700034898F /* DefaultStoreService.swift */; };
		AE448A9A2B8D228C0034898F /* MainState.swift in Sources */ = {isa = PBXBuildFile; fileRef = AE448A992B8D228C0034898F /* MainState.swift */; };
		AE448A9C2B8DEC970034898F /* Habit.swift in Sources */ = {isa = PBXBuildFile; fileRef = AE448A9B2B8DEC970034898F /* Habit.swift */; };
		AE51BD592B9612E3005DCBC7 /* StoreEntity.swift in Sources */ = {isa = PBXBuildFile; fileRef = AE51BD582B9612E3005DCBC7 /* StoreEntity.swift */; };
		AE744E1A2B5FD91B002C7EEB /* ListItem.swift in Sources */ = {isa = PBXBuildFile; fileRef = AE744E192B5FD91B002C7EEB /* ListItem.swift */; };
		AE744E202B600D85002C7EEB /* RelativeHeightSheetContentModifier.swift in Sources */ = {isa = PBXBuildFile; fileRef = AE744E1F2B600D85002C7EEB /* RelativeHeightSheetContentModifier.swift */; };
		AE744E222B60141D002C7EEB /* DatePickerSheetContent.swift in Sources */ = {isa = PBXBuildFile; fileRef = AE744E212B60141D002C7EEB /* DatePickerSheetContent.swift */; };
		AE901D0A2BC54A2300DA674A /* RegionNewService.swift in Sources */ = {isa = PBXBuildFile; fileRef = AE901D092BC54A2300DA674A /* RegionNewService.swift */; };
		AE901D0C2BC5791A00DA674A /* HabitsService.swift in Sources */ = {isa = PBXBuildFile; fileRef = AE901D0B2BC5791A00DA674A /* HabitsService.swift */; };
		AE901D0E2BC6CD6C00DA674A /* RegionService.swift in Sources */ = {isa = PBXBuildFile; fileRef = AE901D0D2BC6CD6C00DA674A /* RegionService.swift */; };
		AE901D102BC6D03B00DA674A /* RegionOldService.swift in Sources */ = {isa = PBXBuildFile; fileRef = AE901D0F2BC6D03B00DA674A /* RegionOldService.swift */; };
		AE901D122BC6D08F00DA674A /* BackwardsCompactability.swift in Sources */ = {isa = PBXBuildFile; fileRef = AE901D112BC6D08F00DA674A /* BackwardsCompactability.swift */; };
		AE98C7F52BBC6C9A00EAE2A5 /* CLLocationDistance+Utils.swift in Sources */ = {isa = PBXBuildFile; fileRef = AE98C7F42BBC6C9A00EAE2A5 /* CLLocationDistance+Utils.swift */; };
		AE9D9A0F2BB1814000CF3498 /* MapView.swift in Sources */ = {isa = PBXBuildFile; fileRef = AE9D9A0E2BB1814000CF3498 /* MapView.swift */; };
		AE9D9A112BB3328400CF3498 /* LocationService.swift in Sources */ = {isa = PBXBuildFile; fileRef = AE9D9A102BB3328400CF3498 /* LocationService.swift */; };
		AEA3D6BB2B5E85B700A08F31 /* HabitsApp.swift in Sources */ = {isa = PBXBuildFile; fileRef = AEA3D6BA2B5E85B700A08F31 /* HabitsApp.swift */; };
		AEA3D6BD2B5E85B700A08F31 /* HabitsView.swift in Sources */ = {isa = PBXBuildFile; fileRef = AEA3D6BC2B5E85B700A08F31 /* HabitsView.swift */; };
		AEA3D6BF2B5E85B900A08F31 /* Assets.xcassets in Resources */ = {isa = PBXBuildFile; fileRef = AEA3D6BE2B5E85B900A08F31 /* Assets.xcassets */; };
		AEA3D6C22B5E85B900A08F31 /* Preview Assets.xcassets in Resources */ = {isa = PBXBuildFile; fileRef = AEA3D6C12B5E85B900A08F31 /* Preview Assets.xcassets */; };
		AEA3D6CA2B5E8BE000A08F31 /* HabitEntity.swift in Sources */ = {isa = PBXBuildFile; fileRef = AEA3D6C92B5E8BE000A08F31 /* HabitEntity.swift */; };
		AED732D52B61584E00CD750D /* NewHabitView.swift in Sources */ = {isa = PBXBuildFile; fileRef = AED732D42B61584E00CD750D /* NewHabitView.swift */; };
		AEE2E5E32BC2EBC800DD9BC2 /* CalendarView.swift in Sources */ = {isa = PBXBuildFile; fileRef = AEE2E5E22BC2EBC800DD9BC2 /* CalendarView.swift */; };
/* End PBXBuildFile section */

/* Begin PBXFileReference section */
		AE2B2A3C2BAC5107004669B6 /* AuthorizationService.swift */ = {isa = PBXFileReference; lastKnownFileType = sourcecode.swift; path = AuthorizationService.swift; sourceTree = "<group>"; };
		AE2B2A472BB0712A004669B6 /* BackgroundTaskService.swift */ = {isa = PBXFileReference; lastKnownFileType = sourcecode.swift; path = BackgroundTaskService.swift; sourceTree = "<group>"; };
		AE2B2A492BB07223004669B6 /* NotificationService.swift */ = {isa = PBXFileReference; lastKnownFileType = sourcecode.swift; path = NotificationService.swift; sourceTree = "<group>"; };
		AE302EA22BC2F646002C8DC1 /* ViewType.swift */ = {isa = PBXFileReference; lastKnownFileType = sourcecode.swift; path = ViewType.swift; sourceTree = "<group>"; };
		AE30E1572B9F7428009E10CD /* CalendarService.swift */ = {isa = PBXFileReference; lastKnownFileType = sourcecode.swift; path = CalendarService.swift; sourceTree = "<group>"; };
		AE30E15F2BA4C182009E10CD /* Ocurrence.swift */ = {isa = PBXFileReference; lastKnownFileType = sourcecode.swift; path = Ocurrence.swift; sourceTree = "<group>"; };
		AE30E1612BA88B5B009E10CD /* WeekDay.swift */ = {isa = PBXFileReference; lastKnownFileType = sourcecode.swift; path = WeekDay.swift; sourceTree = "<group>"; };
		AE32F80F2BED08BD0095DD1A /* ViewModifiers.swift */ = {isa = PBXFileReference; lastKnownFileType = sourcecode.swift; path = ViewModifiers.swift; sourceTree = "<group>"; };
		AE381DD22BCEE2950038B689 /* gpxchicago.gpx */ = {isa = PBXFileReference; lastKnownFileType = text.xml; name = gpxchicago.gpx; path = ../../../Downloads/gpxchicago.gpx; sourceTree = "<group>"; };
		AE448A802B84E99F0034898F /* HabitDetailView.swift */ = {isa = PBXFileReference; lastKnownFileType = sourcecode.swift; path = HabitDetailView.swift; sourceTree = "<group>"; };
		AE448A832B85238E0034898F /* NewHabitContentView.swift */ = {isa = PBXFileReference; lastKnownFileType = sourcecode.swift; path = NewHabitContentView.swift; sourceTree = "<group>"; };
		AE448A862B86632E0034898F /* HabitRouteIdEnvironmentKey.swift */ = {isa = PBXFileReference; lastKnownFileType = sourcecode.swift; path = HabitRouteIdEnvironmentKey.swift; sourceTree = "<group>"; };
		AE448A892B8664B40034898F /* HabitsRouter.swift */ = {isa = PBXFileReference; lastKnownFileType = sourcecode.swift; path = HabitsRouter.swift; sourceTree = "<group>"; };
		AE448A8C2B8925D80034898F /* Localizable.xcstrings */ = {isa = PBXFileReference; lastKnownFileType = text.json.xcstrings; path = Localizable.xcstrings; sourceTree = "<group>"; };
		AE448A8F2B8CECF60034898F /* DateHelper.swift */ = {isa = PBXFileReference; lastKnownFileType = sourcecode.swift; path = DateHelper.swift; sourceTree = "<group>"; };
		AE448A922B8D20160034898F /* StoreService.swift */ = {isa = PBXFileReference; lastKnownFileType = sourcecode.swift; path = StoreService.swift; sourceTree = "<group>"; };
		AE448A942B8D20700034898F /* DefaultStoreService.swift */ = {isa = PBXFileReference; lastKnownFileType = sourcecode.swift; path = DefaultStoreService.swift; sourceTree = "<group>"; };
		AE448A992B8D228C0034898F /* MainState.swift */ = {isa = PBXFileReference; lastKnownFileType = sourcecode.swift; path = MainState.swift; sourceTree = "<group>"; };
		AE448A9B2B8DEC970034898F /* Habit.swift */ = {isa = PBXFileReference; lastKnownFileType = sourcecode.swift; path = Habit.swift; sourceTree = "<group>"; };
		AE51BD582B9612E3005DCBC7 /* StoreEntity.swift */ = {isa = PBXFileReference; lastKnownFileType = sourcecode.swift; path = StoreEntity.swift; sourceTree = "<group>"; };
		AE6CC09A2B9F02DE00873D03 /* Info.plist */ = {isa = PBXFileReference; lastKnownFileType = text.plist; path = Info.plist; sourceTree = "<group>"; };
		AE744E192B5FD91B002C7EEB /* ListItem.swift */ = {isa = PBXFileReference; lastKnownFileType = sourcecode.swift; path = ListItem.swift; sourceTree = "<group>"; };
		AE744E1F2B600D85002C7EEB /* RelativeHeightSheetContentModifier.swift */ = {isa = PBXFileReference; lastKnownFileType = sourcecode.swift; path = RelativeHeightSheetContentModifier.swift; sourceTree = "<group>"; };
		AE744E212B60141D002C7EEB /* DatePickerSheetContent.swift */ = {isa = PBXFileReference; lastKnownFileType = sourcecode.swift; path = DatePickerSheetContent.swift; sourceTree = "<group>"; };
		AE901D092BC54A2300DA674A /* RegionNewService.swift */ = {isa = PBXFileReference; lastKnownFileType = sourcecode.swift; path = RegionNewService.swift; sourceTree = "<group>"; };
		AE901D0B2BC5791A00DA674A /* HabitsService.swift */ = {isa = PBXFileReference; lastKnownFileType = sourcecode.swift; path = HabitsService.swift; sourceTree = "<group>"; };
		AE901D0D2BC6CD6C00DA674A /* RegionService.swift */ = {isa = PBXFileReference; lastKnownFileType = sourcecode.swift; path = RegionService.swift; sourceTree = "<group>"; };
		AE901D0F2BC6D03B00DA674A /* RegionOldService.swift */ = {isa = PBXFileReference; lastKnownFileType = sourcecode.swift; path = RegionOldService.swift; sourceTree = "<group>"; };
		AE901D112BC6D08F00DA674A /* BackwardsCompactability.swift */ = {isa = PBXFileReference; lastKnownFileType = sourcecode.swift; path = BackwardsCompactability.swift; sourceTree = "<group>"; };
		AE98C7F42BBC6C9A00EAE2A5 /* CLLocationDistance+Utils.swift */ = {isa = PBXFileReference; lastKnownFileType = sourcecode.swift; path = "CLLocationDistance+Utils.swift"; sourceTree = "<group>"; };
		AE9D9A0E2BB1814000CF3498 /* MapView.swift */ = {isa = PBXFileReference; lastKnownFileType = sourcecode.swift; path = MapView.swift; sourceTree = "<group>"; };
		AE9D9A102BB3328400CF3498 /* LocationService.swift */ = {isa = PBXFileReference; lastKnownFileType = sourcecode.swift; path = LocationService.swift; sourceTree = "<group>"; };
		AEA3D6B72B5E85B700A08F31 /* Habits.app */ = {isa = PBXFileReference; explicitFileType = wrapper.application; includeInIndex = 0; path = Habits.app; sourceTree = BUILT_PRODUCTS_DIR; };
		AEA3D6BA2B5E85B700A08F31 /* HabitsApp.swift */ = {isa = PBXFileReference; lastKnownFileType = sourcecode.swift; path = HabitsApp.swift; sourceTree = "<group>"; };
		AEA3D6BC2B5E85B700A08F31 /* HabitsView.swift */ = {isa = PBXFileReference; lastKnownFileType = sourcecode.swift; path = HabitsView.swift; sourceTree = "<group>"; };
		AEA3D6BE2B5E85B900A08F31 /* Assets.xcassets */ = {isa = PBXFileReference; lastKnownFileType = folder.assetcatalog; path = Assets.xcassets; sourceTree = "<group>"; };
		AEA3D6C12B5E85B900A08F31 /* Preview Assets.xcassets */ = {isa = PBXFileReference; lastKnownFileType = folder.assetcatalog; path = "Preview Assets.xcassets"; sourceTree = "<group>"; };
		AEA3D6C92B5E8BE000A08F31 /* HabitEntity.swift */ = {isa = PBXFileReference; lastKnownFileType = sourcecode.swift; path = HabitEntity.swift; sourceTree = "<group>"; };
		AED732D42B61584E00CD750D /* NewHabitView.swift */ = {isa = PBXFileReference; lastKnownFileType = sourcecode.swift; path = NewHabitView.swift; sourceTree = "<group>"; };
		AEE2E5E02BBDA7C000DD9BC2 /* gpxgenerator_path.gpx */ = {isa = PBXFileReference; lastKnownFileType = text.xml; name = gpxgenerator_path.gpx; path = ../../../Downloads/gpxgenerator_path.gpx; sourceTree = "<group>"; };
		AEE2E5E22BC2EBC800DD9BC2 /* CalendarView.swift */ = {isa = PBXFileReference; lastKnownFileType = sourcecode.swift; path = CalendarView.swift; sourceTree = "<group>"; };
/* End PBXFileReference section */

/* Begin PBXFrameworksBuildPhase section */
		AEA3D6B42B5E85B700A08F31 /* Frameworks */ = {
			isa = PBXFrameworksBuildPhase;
			buildActionMask = 2147483647;
			files = (
			);
			runOnlyForDeploymentPostprocessing = 0;
		};
/* End PBXFrameworksBuildPhase section */

/* Begin PBXGroup section */
		AE448A822B85237A0034898F /* Reusable */ = {
			isa = PBXGroup;
			children = (
				AEE2E5E12BC2EBA000DD9BC2 /* Calendar */,
				AE9D9A0D2BB1813100CF3498 /* Map */,
				AE448A832B85238E0034898F /* NewHabitContentView.swift */,
			);
			path = Reusable;
			sourceTree = "<group>";
		};
		AE448A852B86622C0034898F /* Environment */ = {
			isa = PBXGroup;
			children = (
				AE448A862B86632E0034898F /* HabitRouteIdEnvironmentKey.swift */,
			);
			path = Environment;
			sourceTree = "<group>";
		};
		AE448A882B86649F0034898F /* Router */ = {
			isa = PBXGroup;
			children = (
				AE448A892B8664B40034898F /* HabitsRouter.swift */,
			);
			path = Router;
			sourceTree = "<group>";
		};
		AE448A8B2B89257E0034898F /* Content */ = {
			isa = PBXGroup;
			children = (
				AEA3D6BE2B5E85B900A08F31 /* Assets.xcassets */,
				AE448A8C2B8925D80034898F /* Localizable.xcstrings */,
			);
			path = Content;
			sourceTree = "<group>";
		};
		AE448A8E2B8CECE40034898F /* Helpers */ = {
			isa = PBXGroup;
			children = (
				AE448A8F2B8CECF60034898F /* DateHelper.swift */,
			);
			path = Helpers;
			sourceTree = "<group>";
		};
		AE448A912B8D1FF80034898F /* Services */ = {
			isa = PBXGroup;
			children = (
				AE901D142BC6D7D700DA674A /* Store */,
				AE901D132BC6D7C100DA674A /* Region */,
				AE30E1572B9F7428009E10CD /* CalendarService.swift */,
				AE2B2A3C2BAC5107004669B6 /* AuthorizationService.swift */,
				AE2B2A472BB0712A004669B6 /* BackgroundTaskService.swift */,
				AE2B2A492BB07223004669B6 /* NotificationService.swift */,
				AE9D9A102BB3328400CF3498 /* LocationService.swift */,
				AE901D0B2BC5791A00DA674A /* HabitsService.swift */,
				AE901D112BC6D08F00DA674A /* BackwardsCompactability.swift */,
			);
			path = Services;
			sourceTree = "<group>";
		};
		AE448A962B8D224F0034898F /* Core */ = {
			isa = PBXGroup;
			children = (
				AE448A912B8D1FF80034898F /* Services */,
				AED732D62B61700C00CD750D /* Models */,
				AE448A972B8D227A0034898F /* State */,
			);
			path = Core;
			sourceTree = "<group>";
		};
		AE448A972B8D227A0034898F /* State */ = {
			isa = PBXGroup;
			children = (
				AE448A982B8D22800034898F /* Models */,
				AE448A992B8D228C0034898F /* MainState.swift */,
			);
			path = State;
			sourceTree = "<group>";
		};
		AE448A982B8D22800034898F /* Models */ = {
			isa = PBXGroup;
			children = (
				AE448A9B2B8DEC970034898F /* Habit.swift */,
				AE30E15F2BA4C182009E10CD /* Ocurrence.swift */,
				AE30E1612BA88B5B009E10CD /* WeekDay.swift */,
				AE302EA22BC2F646002C8DC1 /* ViewType.swift */,
			);
			path = Models;
			sourceTree = "<group>";
		};
		AE744E182B5FD90B002C7EEB /* Components */ = {
			isa = PBXGroup;
			children = (
				AE744E192B5FD91B002C7EEB /* ListItem.swift */,
				AE744E212B60141D002C7EEB /* DatePickerSheetContent.swift */,
			);
			path = Components;
			sourceTree = "<group>";
		};
		AE744E1C2B600A4B002C7EEB /* UI */ = {
			isa = PBXGroup;
			children = (
				AE448A852B86622C0034898F /* Environment */,
				AE744E1E2B600A7E002C7EEB /* Modifiers */,
				AE744E182B5FD90B002C7EEB /* Components */,
				AE744E1D2B600A61002C7EEB /* Views */,
			);
			path = UI;
			sourceTree = "<group>";
		};
		AE744E1D2B600A61002C7EEB /* Views */ = {
			isa = PBXGroup;
			children = (
				AE448A882B86649F0034898F /* Router */,
				AE448A822B85237A0034898F /* Reusable */,
				AEA3D6BC2B5E85B700A08F31 /* HabitsView.swift */,
				AED732D42B61584E00CD750D /* NewHabitView.swift */,
				AE448A802B84E99F0034898F /* HabitDetailView.swift */,
			);
			path = Views;
			sourceTree = "<group>";
		};
		AE744E1E2B600A7E002C7EEB /* Modifiers */ = {
			isa = PBXGroup;
			children = (
				AE744E1F2B600D85002C7EEB /* RelativeHeightSheetContentModifier.swift */,
				AE32F80F2BED08BD0095DD1A /* ViewModifiers.swift */,
			);
			path = Modifiers;
			sourceTree = "<group>";
		};
		AE901D132BC6D7C100DA674A /* Region */ = {
			isa = PBXGroup;
			children = (
				AE901D0D2BC6CD6C00DA674A /* RegionService.swift */,
				AE901D092BC54A2300DA674A /* RegionNewService.swift */,
				AE901D0F2BC6D03B00DA674A /* RegionOldService.swift */,
			);
			path = Region;
			sourceTree = "<group>";
		};
		AE901D142BC6D7D700DA674A /* Store */ = {
			isa = PBXGroup;
			children = (
				AE448A922B8D20160034898F /* StoreService.swift */,
				AE448A942B8D20700034898F /* DefaultStoreService.swift */,
			);
			path = Store;
			sourceTree = "<group>";
		};
		AE98C7F32BBC6C7F00EAE2A5 /* Lib */ = {
			isa = PBXGroup;
			children = (
				AE98C7F42BBC6C9A00EAE2A5 /* CLLocationDistance+Utils.swift */,
			);
			path = Lib;
			sourceTree = "<group>";
		};
		AE9D9A0D2BB1813100CF3498 /* Map */ = {
			isa = PBXGroup;
			children = (
				AE9D9A0E2BB1814000CF3498 /* MapView.swift */,
			);
			path = Map;
			sourceTree = "<group>";
		};
		AEA3D6AE2B5E85B700A08F31 = {
			isa = PBXGroup;
			children = (
				AE381DD22BCEE2950038B689 /* gpxchicago.gpx */,
				AEE2E5E02BBDA7C000DD9BC2 /* gpxgenerator_path.gpx */,
				AEA3D6B92B5E85B700A08F31 /* Habits */,
				AEA3D6B82B5E85B700A08F31 /* Products */,
			);
			sourceTree = "<group>";
		};
		AEA3D6B82B5E85B700A08F31 /* Products */ = {
			isa = PBXGroup;
			children = (
				AEA3D6B72B5E85B700A08F31 /* Habits.app */,
			);
			name = Products;
			sourceTree = "<group>";
		};
		AEA3D6B92B5E85B700A08F31 /* Habits */ = {
			isa = PBXGroup;
			children = (
				AE98C7F32BBC6C7F00EAE2A5 /* Lib */,
				AE6CC09A2B9F02DE00873D03 /* Info.plist */,
				AE448A962B8D224F0034898F /* Core */,
				AE448A8E2B8CECE40034898F /* Helpers */,
				AE744E1C2B600A4B002C7EEB /* UI */,
				AEA3D6BA2B5E85B700A08F31 /* HabitsApp.swift */,
				AE448A8B2B89257E0034898F /* Content */,
				AEA3D6C02B5E85B900A08F31 /* Preview Content */,
			);
			path = Habits;
			sourceTree = "<group>";
		};
		AEA3D6C02B5E85B900A08F31 /* Preview Content */ = {
			isa = PBXGroup;
			children = (
				AEA3D6C12B5E85B900A08F31 /* Preview Assets.xcassets */,
			);
			path = "Preview Content";
			sourceTree = "<group>";
		};
		AED732D62B61700C00CD750D /* Models */ = {
			isa = PBXGroup;
			children = (
				AEA3D6C92B5E8BE000A08F31 /* HabitEntity.swift */,
				AE51BD582B9612E3005DCBC7 /* StoreEntity.swift */,
			);
			path = Models;
			sourceTree = "<group>";
		};
		AEE2E5E12BC2EBA000DD9BC2 /* Calendar */ = {
			isa = PBXGroup;
			children = (
				AEE2E5E22BC2EBC800DD9BC2 /* CalendarView.swift */,
			);
			path = Calendar;
			sourceTree = "<group>";
		};
/* End PBXGroup section */

/* Begin PBXNativeTarget section */
		AEA3D6B62B5E85B700A08F31 /* Habits */ = {
			isa = PBXNativeTarget;
			buildConfigurationList = AEA3D6C52B5E85B900A08F31 /* Build configuration list for PBXNativeTarget "Habits" */;
			buildPhases = (
				AE30E15E2BA21595009E10CD /* ShellScript */,
				AEA3D6B32B5E85B700A08F31 /* Sources */,
				AEA3D6B42B5E85B700A08F31 /* Frameworks */,
				AEA3D6B52B5E85B700A08F31 /* Resources */,
			);
			buildRules = (
			);
			dependencies = (
			);
			name = Habits;
			packageProductDependencies = (
			);
			productName = Habits;
			productReference = AEA3D6B72B5E85B700A08F31 /* Habits.app */;
			productType = "com.apple.product-type.application";
		};
/* End PBXNativeTarget section */

/* Begin PBXProject section */
		AEA3D6AF2B5E85B700A08F31 /* Project object */ = {
			isa = PBXProject;
			attributes = {
				BuildIndependentTargetsInParallel = 1;
				LastSwiftUpdateCheck = 1520;
				LastUpgradeCheck = 1520;
				TargetAttributes = {
					AEA3D6B62B5E85B700A08F31 = {
						CreatedOnToolsVersion = 15.2;
					};
				};
			};
			buildConfigurationList = AEA3D6B22B5E85B700A08F31 /* Build configuration list for PBXProject "Habits" */;
			compatibilityVersion = "Xcode 14.0";
			developmentRegion = en;
			hasScannedForEncodings = 0;
			knownRegions = (
				en,
				Base,
			);
			mainGroup = AEA3D6AE2B5E85B700A08F31;
			packageReferences = (
			);
			productRefGroup = AEA3D6B82B5E85B700A08F31 /* Products */;
			projectDirPath = "";
			projectRoot = "";
			targets = (
				AEA3D6B62B5E85B700A08F31 /* Habits */,
			);
		};
/* End PBXProject section */

/* Begin PBXResourcesBuildPhase section */
		AEA3D6B52B5E85B700A08F31 /* Resources */ = {
			isa = PBXResourcesBuildPhase;
			buildActionMask = 2147483647;
			files = (
				AEA3D6C22B5E85B900A08F31 /* Preview Assets.xcassets in Resources */,
				AEA3D6BF2B5E85B900A08F31 /* Assets.xcassets in Resources */,
				AE448A8D2B8925D80034898F /* Localizable.xcstrings in Resources */,
			);
			runOnlyForDeploymentPostprocessing = 0;
		};
/* End PBXResourcesBuildPhase section */

/* Begin PBXShellScriptBuildPhase section */
		AE30E15E2BA21595009E10CD /* ShellScript */ = {
			isa = PBXShellScriptBuildPhase;
			alwaysOutOfDate = 1;
			buildActionMask = 2147483647;
			files = (
			);
			inputFileListPaths = (
			);
			inputPaths = (
			);
			outputFileListPaths = (
			);
			outputPaths = (
			);
			runOnlyForDeploymentPostprocessing = 0;
			shellPath = /bin/sh;
			shellScript = "if [[ \"$(uname -m)\" == arm64 ]]; then\n    export PATH=\"/opt/homebrew/bin:$PATH\"\nfi\n\nif which swiftlint > /dev/null; then\n  swiftlint --fix Habits && swiftlint Habits\nelse\n  echo \"warning: SwiftLint not installed, download from https://github.com/realm/SwiftLint\"\nfi\n";
		};
/* End PBXShellScriptBuildPhase section */

/* Begin PBXSourcesBuildPhase section */
		AEA3D6B32B5E85B700A08F31 /* Sources */ = {
			isa = PBXSourcesBuildPhase;
			buildActionMask = 2147483647;
			files = (
				AE901D0C2BC5791A00DA674A /* HabitsService.swift in Sources */,
				AE2B2A482BB0712A004669B6 /* BackgroundTaskService.swift in Sources */,
				AE9D9A0F2BB1814000CF3498 /* MapView.swift in Sources */,
				AE448A9A2B8D228C0034898F /* MainState.swift in Sources */,
				AE744E1A2B5FD91B002C7EEB /* ListItem.swift in Sources */,
				AE32F8102BED08BD0095DD1A /* ViewModifiers.swift in Sources */,
				AE901D102BC6D03B00DA674A /* RegionOldService.swift in Sources */,
				AE30E1622BA88B5B009E10CD /* WeekDay.swift in Sources */,
				AEA3D6CA2B5E8BE000A08F31 /* HabitEntity.swift in Sources */,
				AE448A872B86632E0034898F /* HabitRouteIdEnvironmentKey.swift in Sources */,
				AE901D122BC6D08F00DA674A /* BackwardsCompactability.swift in Sources */,
				AE448A812B84E99F0034898F /* HabitDetailView.swift in Sources */,
				AE2B2A3D2BAC5107004669B6 /* AuthorizationService.swift in Sources */,
				AED732D52B61584E00CD750D /* NewHabitView.swift in Sources */,
				AE448A932B8D20160034898F /* StoreService.swift in Sources */,
				AE901D0E2BC6CD6C00DA674A /* RegionService.swift in Sources */,
				AE51BD592B9612E3005DCBC7 /* StoreEntity.swift in Sources */,
				AE901D0A2BC54A2300DA674A /* RegionNewService.swift in Sources */,
				AE448A8A2B8664B40034898F /* HabitsRouter.swift in Sources */,
				AE744E202B600D85002C7EEB /* RelativeHeightSheetContentModifier.swift in Sources */,
				AE302EA32BC2F646002C8DC1 /* ViewType.swift in Sources */,
				AEE2E5E32BC2EBC800DD9BC2 /* CalendarView.swift in Sources */,
				AE448A902B8CECF60034898F /* DateHelper.swift in Sources */,
				AE30E1582B9F7428009E10CD /* CalendarService.swift in Sources */,
				AE30E1602BA4C182009E10CD /* Ocurrence.swift in Sources */,
				AE9D9A112BB3328400CF3498 /* LocationService.swift in Sources */,
				AE448A842B85238E0034898F /* NewHabitContentView.swift in Sources */,
				AEA3D6BD2B5E85B700A08F31 /* HabitsView.swift in Sources */,
				AEA3D6BB2B5E85B700A08F31 /* HabitsApp.swift in Sources */,
				AE2B2A4A2BB07223004669B6 /* NotificationService.swift in Sources */,
				AE448A9C2B8DEC970034898F /* Habit.swift in Sources */,
				AE448A952B8D20700034898F /* DefaultStoreService.swift in Sources */,
				AE98C7F52BBC6C9A00EAE2A5 /* CLLocationDistance+Utils.swift in Sources */,
				AE744E222B60141D002C7EEB /* DatePickerSheetContent.swift in Sources */,
			);
			runOnlyForDeploymentPostprocessing = 0;
		};
/* End PBXSourcesBuildPhase section */

/* Begin XCBuildConfiguration section */
		AEA3D6C32B5E85B900A08F31 /* Debug */ = {
			isa = XCBuildConfiguration;
			buildSettings = {
				ALWAYS_SEARCH_USER_PATHS = NO;
				ASSETCATALOG_COMPILER_GENERATE_SWIFT_ASSET_SYMBOL_EXTENSIONS = YES;
				CLANG_ANALYZER_NONNULL = YES;
				CLANG_ANALYZER_NUMBER_OBJECT_CONVERSION = YES_AGGRESSIVE;
				CLANG_CXX_LANGUAGE_STANDARD = "gnu++20";
				CLANG_ENABLE_MODULES = YES;
				CLANG_ENABLE_OBJC_ARC = YES;
				CLANG_ENABLE_OBJC_WEAK = YES;
				CLANG_WARN_BLOCK_CAPTURE_AUTORELEASING = YES;
				CLANG_WARN_BOOL_CONVERSION = YES;
				CLANG_WARN_COMMA = YES;
				CLANG_WARN_CONSTANT_CONVERSION = YES;
				CLANG_WARN_DEPRECATED_OBJC_IMPLEMENTATIONS = YES;
				CLANG_WARN_DIRECT_OBJC_ISA_USAGE = YES_ERROR;
				CLANG_WARN_DOCUMENTATION_COMMENTS = YES;
				CLANG_WARN_EMPTY_BODY = YES;
				CLANG_WARN_ENUM_CONVERSION = YES;
				CLANG_WARN_INFINITE_RECURSION = YES;
				CLANG_WARN_INT_CONVERSION = YES;
				CLANG_WARN_NON_LITERAL_NULL_CONVERSION = YES;
				CLANG_WARN_OBJC_IMPLICIT_RETAIN_SELF = YES;
				CLANG_WARN_OBJC_LITERAL_CONVERSION = YES;
				CLANG_WARN_OBJC_ROOT_CLASS = YES_ERROR;
				CLANG_WARN_QUOTED_INCLUDE_IN_FRAMEWORK_HEADER = YES;
				CLANG_WARN_RANGE_LOOP_ANALYSIS = YES;
				CLANG_WARN_STRICT_PROTOTYPES = YES;
				CLANG_WARN_SUSPICIOUS_MOVE = YES;
				CLANG_WARN_UNGUARDED_AVAILABILITY = YES_AGGRESSIVE;
				CLANG_WARN_UNREACHABLE_CODE = YES;
				CLANG_WARN__DUPLICATE_METHOD_MATCH = YES;
				COPY_PHASE_STRIP = NO;
				DEBUG_INFORMATION_FORMAT = dwarf;
				ENABLE_STRICT_OBJC_MSGSEND = YES;
				ENABLE_TESTABILITY = YES;
				ENABLE_USER_SCRIPT_SANDBOXING = YES;
				GCC_C_LANGUAGE_STANDARD = gnu17;
				GCC_DYNAMIC_NO_PIC = NO;
				GCC_NO_COMMON_BLOCKS = YES;
				GCC_OPTIMIZATION_LEVEL = 0;
				GCC_PREPROCESSOR_DEFINITIONS = (
					"DEBUG=1",
					"$(inherited)",
				);
				GCC_WARN_64_TO_32_BIT_CONVERSION = YES;
				GCC_WARN_ABOUT_RETURN_TYPE = YES_ERROR;
				GCC_WARN_UNDECLARED_SELECTOR = YES;
				GCC_WARN_UNINITIALIZED_AUTOS = YES_AGGRESSIVE;
				GCC_WARN_UNUSED_FUNCTION = YES;
				GCC_WARN_UNUSED_VARIABLE = YES;
				IPHONEOS_DEPLOYMENT_TARGET = 16.6;
				LOCALIZATION_PREFERS_STRING_CATALOGS = YES;
				MTL_ENABLE_DEBUG_INFO = INCLUDE_SOURCE;
				MTL_FAST_MATH = YES;
				ONLY_ACTIVE_ARCH = YES;
				SDKROOT = iphoneos;
				SWIFT_ACTIVE_COMPILATION_CONDITIONS = "DEBUG $(inherited)";
				SWIFT_OPTIMIZATION_LEVEL = "-Onone";
			};
			name = Debug;
		};
		AEA3D6C42B5E85B900A08F31 /* Release */ = {
			isa = XCBuildConfiguration;
			buildSettings = {
				ALWAYS_SEARCH_USER_PATHS = NO;
				ASSETCATALOG_COMPILER_GENERATE_SWIFT_ASSET_SYMBOL_EXTENSIONS = YES;
				CLANG_ANALYZER_NONNULL = YES;
				CLANG_ANALYZER_NUMBER_OBJECT_CONVERSION = YES_AGGRESSIVE;
				CLANG_CXX_LANGUAGE_STANDARD = "gnu++20";
				CLANG_ENABLE_MODULES = YES;
				CLANG_ENABLE_OBJC_ARC = YES;
				CLANG_ENABLE_OBJC_WEAK = YES;
				CLANG_WARN_BLOCK_CAPTURE_AUTORELEASING = YES;
				CLANG_WARN_BOOL_CONVERSION = YES;
				CLANG_WARN_COMMA = YES;
				CLANG_WARN_CONSTANT_CONVERSION = YES;
				CLANG_WARN_DEPRECATED_OBJC_IMPLEMENTATIONS = YES;
				CLANG_WARN_DIRECT_OBJC_ISA_USAGE = YES_ERROR;
				CLANG_WARN_DOCUMENTATION_COMMENTS = YES;
				CLANG_WARN_EMPTY_BODY = YES;
				CLANG_WARN_ENUM_CONVERSION = YES;
				CLANG_WARN_INFINITE_RECURSION = YES;
				CLANG_WARN_INT_CONVERSION = YES;
				CLANG_WARN_NON_LITERAL_NULL_CONVERSION = YES;
				CLANG_WARN_OBJC_IMPLICIT_RETAIN_SELF = YES;
				CLANG_WARN_OBJC_LITERAL_CONVERSION = YES;
				CLANG_WARN_OBJC_ROOT_CLASS = YES_ERROR;
				CLANG_WARN_QUOTED_INCLUDE_IN_FRAMEWORK_HEADER = YES;
				CLANG_WARN_RANGE_LOOP_ANALYSIS = YES;
				CLANG_WARN_STRICT_PROTOTYPES = YES;
				CLANG_WARN_SUSPICIOUS_MOVE = YES;
				CLANG_WARN_UNGUARDED_AVAILABILITY = YES_AGGRESSIVE;
				CLANG_WARN_UNREACHABLE_CODE = YES;
				CLANG_WARN__DUPLICATE_METHOD_MATCH = YES;
				COPY_PHASE_STRIP = NO;
				DEBUG_INFORMATION_FORMAT = "dwarf-with-dsym";
				ENABLE_NS_ASSERTIONS = NO;
				ENABLE_STRICT_OBJC_MSGSEND = YES;
				ENABLE_USER_SCRIPT_SANDBOXING = YES;
				GCC_C_LANGUAGE_STANDARD = gnu17;
				GCC_NO_COMMON_BLOCKS = YES;
				GCC_WARN_64_TO_32_BIT_CONVERSION = YES;
				GCC_WARN_ABOUT_RETURN_TYPE = YES_ERROR;
				GCC_WARN_UNDECLARED_SELECTOR = YES;
				GCC_WARN_UNINITIALIZED_AUTOS = YES_AGGRESSIVE;
				GCC_WARN_UNUSED_FUNCTION = YES;
				GCC_WARN_UNUSED_VARIABLE = YES;
				IPHONEOS_DEPLOYMENT_TARGET = 16.6;
				LOCALIZATION_PREFERS_STRING_CATALOGS = YES;
				MTL_ENABLE_DEBUG_INFO = NO;
				MTL_FAST_MATH = YES;
				SDKROOT = iphoneos;
				SWIFT_COMPILATION_MODE = wholemodule;
				VALIDATE_PRODUCT = YES;
			};
			name = Release;
		};
		AEA3D6C62B5E85B900A08F31 /* Debug */ = {
			isa = XCBuildConfiguration;
			buildSettings = {
				ASSETCATALOG_COMPILER_APPICON_NAME = AppIcon;
				ASSETCATALOG_COMPILER_GLOBAL_ACCENT_COLOR_NAME = AccentColor;
				CODE_SIGN_STYLE = Automatic;
				CURRENT_PROJECT_VERSION = 1;
				DEVELOPMENT_ASSET_PATHS = "\"Habits/Preview Content\"";
				DEVELOPMENT_TEAM = KHV2ZYTA6U;
				ENABLE_PREVIEWS = YES;
				ENABLE_USER_SCRIPT_SANDBOXING = NO;
				GENERATE_INFOPLIST_FILE = YES;
				INFOPLIST_FILE = Habits/Info.plist;
				INFOPLIST_KEY_LSApplicationCategoryType = "public.app-category.lifestyle";
				INFOPLIST_KEY_NSCalendarsUsageDescription = "";
				INFOPLIST_KEY_NSLocationAlwaysAndWhenInUseUsageDescription = "Give me permition for geofencing please";
				INFOPLIST_KEY_NSLocationWhenInUseUsageDescription = "Permition for map";
				INFOPLIST_KEY_UIApplicationSceneManifest_Generation = YES;
				INFOPLIST_KEY_UIApplicationSupportsIndirectInputEvents = YES;
				INFOPLIST_KEY_UILaunchScreen_Generation = YES;
				INFOPLIST_KEY_UISupportedInterfaceOrientations = UIInterfaceOrientationPortrait;
				IPHONEOS_DEPLOYMENT_TARGET = 16.1;
				LD_RUNPATH_SEARCH_PATHS = (
					"$(inherited)",
					"@executable_path/Frameworks",
				);
				MARKETING_VERSION = 1.0;
				PRODUCT_BUNDLE_IDENTIFIER = test.tiago.Habits;
				PRODUCT_NAME = "$(TARGET_NAME)";
				SWIFT_EMIT_LOC_STRINGS = YES;
				SWIFT_VERSION = 5.0;
				TARGETED_DEVICE_FAMILY = "1,2";
			};
			name = Debug;
		};
		AEA3D6C72B5E85B900A08F31 /* Release */ = {
			isa = XCBuildConfiguration;
			buildSettings = {
				ASSETCATALOG_COMPILER_APPICON_NAME = AppIcon;
				ASSETCATALOG_COMPILER_GLOBAL_ACCENT_COLOR_NAME = AccentColor;
				CODE_SIGN_STYLE = Automatic;
				CURRENT_PROJECT_VERSION = 1;
				DEVELOPMENT_ASSET_PATHS = "\"Habits/Preview Content\"";
				DEVELOPMENT_TEAM = KHV2ZYTA6U;
				ENABLE_PREVIEWS = YES;
				ENABLE_USER_SCRIPT_SANDBOXING = NO;
				GENERATE_INFOPLIST_FILE = YES;
				INFOPLIST_FILE = Habits/Info.plist;
				INFOPLIST_KEY_LSApplicationCategoryType = "public.app-category.lifestyle";
				INFOPLIST_KEY_NSCalendarsUsageDescription = "";
				INFOPLIST_KEY_NSLocationAlwaysAndWhenInUseUsageDescription = "Give me permition for geofencing please";
				INFOPLIST_KEY_NSLocationWhenInUseUsageDescription = "Permition for map";
				INFOPLIST_KEY_UIApplicationSceneManifest_Generation = YES;
				INFOPLIST_KEY_UIApplicationSupportsIndirectInputEvents = YES;
				INFOPLIST_KEY_UILaunchScreen_Generation = YES;
				INFOPLIST_KEY_UISupportedInterfaceOrientations = UIInterfaceOrientationPortrait;
				IPHONEOS_DEPLOYMENT_TARGET = 16.1;
				LD_RUNPATH_SEARCH_PATHS = (
					"$(inherited)",
					"@executable_path/Frameworks",
				);
				MARKETING_VERSION = 1.0;
				PRODUCT_BUNDLE_IDENTIFIER = test.tiago.Habits;
				PRODUCT_NAME = "$(TARGET_NAME)";
				SWIFT_EMIT_LOC_STRINGS = YES;
				SWIFT_VERSION = 5.0;
				TARGETED_DEVICE_FAMILY = "1,2";
			};
			name = Release;
		};
/* End XCBuildConfiguration section */

/* Begin XCConfigurationList section */
		AEA3D6B22B5E85B700A08F31 /* Build configuration list for PBXProject "Habits" */ = {
			isa = XCConfigurationList;
			buildConfigurations = (
				AEA3D6C32B5E85B900A08F31 /* Debug */,
				AEA3D6C42B5E85B900A08F31 /* Release */,
			);
			defaultConfigurationIsVisible = 0;
			defaultConfigurationName = Release;
		};
		AEA3D6C52B5E85B900A08F31 /* Build configuration list for PBXNativeTarget "Habits" */ = {
			isa = XCConfigurationList;
			buildConfigurations = (
				AEA3D6C62B5E85B900A08F31 /* Debug */,
				AEA3D6C72B5E85B900A08F31 /* Release */,
			);
			defaultConfigurationIsVisible = 0;
			defaultConfigurationName = Release;
		};
/* End XCConfigurationList section */
	};
	rootObject = AEA3D6AF2B5E85B700A08F31 /* Project object */;
}
